// !$*UTF8*$!
{
	archiveVersion = 1;
	classes = {
	};
	objectVersion = 46;
	objects = {

/* Begin PBXBuildFile section */
		4C59F06D1C69043D000FC044 /* AppDelegate.swift in Sources */ = {isa = PBXBuildFile; fileRef = 4C59F06C1C69043D000FC044 /* AppDelegate.swift */; };
		4C59F06F1C69043D000FC044 /* ViewController.swift in Sources */ = {isa = PBXBuildFile; fileRef = 4C59F06E1C69043D000FC044 /* ViewController.swift */; };
		4C59F0721C69043D000FC044 /* Main.storyboard in Resources */ = {isa = PBXBuildFile; fileRef = 4C59F0701C69043D000FC044 /* Main.storyboard */; };
		4C59F0741C69043D000FC044 /* Assets.xcassets in Resources */ = {isa = PBXBuildFile; fileRef = 4C59F0731C69043D000FC044 /* Assets.xcassets */; };
		4C59F0771C69043D000FC044 /* LaunchScreen.storyboard in Resources */ = {isa = PBXBuildFile; fileRef = 4C59F0751C69043D000FC044 /* LaunchScreen.storyboard */; };
		4C59F07F1C690AB2000FC044 /* NIRestaurant.swift in Sources */ = {isa = PBXBuildFile; fileRef = 4C59F07E1C690AB2000FC044 /* NIRestaurant.swift */; };
		4C59F0811C6918E3000FC044 /* WhiteViewController.swift in Sources */ = {isa = PBXBuildFile; fileRef = 4C59F0801C6918E3000FC044 /* WhiteViewController.swift */; };
		4C59F0831C692361000FC044 /* SecondCustomSegueUnwind.swift in Sources */ = {isa = PBXBuildFile; fileRef = 4C59F0821C692361000FC044 /* SecondCustomSegueUnwind.swift */; };
/* End PBXBuildFile section */

/* Begin PBXFileReference section */
		4C59F0691C69043D000FC044 /* G36L6.app */ = {isa = PBXFileReference; explicitFileType = wrapper.application; includeInIndex = 0; path = G36L6.app; sourceTree = BUILT_PRODUCTS_DIR; };
		4C59F06C1C69043D000FC044 /* AppDelegate.swift */ = {isa = PBXFileReference; lastKnownFileType = sourcecode.swift; path = AppDelegate.swift; sourceTree = "<group>"; };
		4C59F06E1C69043D000FC044 /* ViewController.swift */ = {isa = PBXFileReference; lastKnownFileType = sourcecode.swift; path = ViewController.swift; sourceTree = "<group>"; };
		4C59F0711C69043D000FC044 /* Base */ = {isa = PBXFileReference; lastKnownFileType = file.storyboard; name = Base; path = Base.lproj/Main.storyboard; sourceTree = "<group>"; };
		4C59F0731C69043D000FC044 /* Assets.xcassets */ = {isa = PBXFileReference; lastKnownFileType = folder.assetcatalog; path = Assets.xcassets; sourceTree = "<group>"; };
		4C59F0761C69043D000FC044 /* Base */ = {isa = PBXFileReference; lastKnownFileType = file.storyboard; name = Base; path = Base.lproj/LaunchScreen.storyboard; sourceTree = "<group>"; };
		4C59F0781C69043D000FC044 /* Info.plist */ = {isa = PBXFileReference; lastKnownFileType = text.plist.xml; path = Info.plist; sourceTree = "<group>"; };
		4C59F07E1C690AB2000FC044 /* NIRestaurant.swift */ = {isa = PBXFileReference; fileEncoding = 4; lastKnownFileType = sourcecode.swift; path = NIRestaurant.swift; sourceTree = "<group>"; };
		4C59F0801C6918E3000FC044 /* WhiteViewController.swift */ = {isa = PBXFileReference; fileEncoding = 4; lastKnownFileType = sourcecode.swift; path = WhiteViewController.swift; sourceTree = "<group>"; };
		4C59F0821C692361000FC044 /* SecondCustomSegueUnwind.swift */ = {isa = PBXFileReference; fileEncoding = 4; lastKnownFileType = sourcecode.swift; path = SecondCustomSegueUnwind.swift; sourceTree = "<group>"; };
/* End PBXFileReference section */

/* Begin PBXFrameworksBuildPhase section */
		4C59F0661C69043D000FC044 /* Frameworks */ = {
			isa = PBXFrameworksBuildPhase;
			buildActionMask = 2147483647;
			files = (
			);
			runOnlyForDeploymentPostprocessing = 0;
		};
/* End PBXFrameworksBuildPhase section */

/* Begin PBXGroup section */
		4C59F0601C69043D000FC044 = {
			isa = PBXGroup;
			children = (
				4C59F06B1C69043D000FC044 /* G36L6 */,
				4C59F06A1C69043D000FC044 /* Products */,
			);
			sourceTree = "<group>";
		};
		4C59F06A1C69043D000FC044 /* Products */ = {
			isa = PBXGroup;
			children = (
				4C59F0691C69043D000FC044 /* G36L6.app */,
			);
			name = Products;
			sourceTree = "<group>";
		};
		4C59F06B1C69043D000FC044 /* G36L6 */ = {
			isa = PBXGroup;
			children = (
				4C59F0701C69043D000FC044 /* Main.storyboard */,
				4C59F07E1C690AB2000FC044 /* NIRestaurant.swift */,
				4C59F06C1C69043D000FC044 /* AppDelegate.swift */,
				4C59F06E1C69043D000FC044 /* ViewController.swift */,
				4C59F0801C6918E3000FC044 /* WhiteViewController.swift */,
				4C59F0821C692361000FC044 /* SecondCustomSegueUnwind.swift */,
				4C59F0731C69043D000FC044 /* Assets.xcassets */,
				4C59F0751C69043D000FC044 /* LaunchScreen.storyboard */,
				4C59F0781C69043D000FC044 /* Info.plist */,
			);
			path = G36L6;
			sourceTree = "<group>";
		};
/* End PBXGroup section */

/* Begin PBXNativeTarget section */
		4C59F0681C69043D000FC044 /* G36L6 */ = {
			isa = PBXNativeTarget;
			buildConfigurationList = 4C59F07B1C69043D000FC044 /* Build configuration list for PBXNativeTarget "G36L6" */;
			buildPhases = (
				4C59F0651C69043D000FC044 /* Sources */,
				4C59F0661C69043D000FC044 /* Frameworks */,
				4C59F0671C69043D000FC044 /* Resources */,
			);
			buildRules = (
			);
			dependencies = (
			);
			name = G36L6;
			productName = G36L6;
			productReference = 4C59F0691C69043D000FC044 /* G36L6.app */;
			productType = "com.apple.product-type.application";
		};
/* End PBXNativeTarget section */

/* Begin PBXProject section */
		4C59F0611C69043D000FC044 /* Project object */ = {
			isa = PBXProject;
			attributes = {
				LastSwiftUpdateCheck = 0720;
				LastUpgradeCheck = 0720;
				ORGANIZATIONNAME = "Ivan Besarab";
				TargetAttributes = {
					4C59F0681C69043D000FC044 = {
						CreatedOnToolsVersion = 7.2.1;
					};
				};
			};
			buildConfigurationList = 4C59F0641C69043D000FC044 /* Build configuration list for PBXProject "G36L6" */;
			compatibilityVersion = "Xcode 3.2";
			developmentRegion = English;
			hasScannedForEncodings = 0;
			knownRegions = (
				en,
				Base,
			);
			mainGroup = 4C59F0601C69043D000FC044;
			productRefGroup = 4C59F06A1C69043D000FC044 /* Products */;
			projectDirPath = "";
			projectRoot = "";
			targets = (
				4C59F0681C69043D000FC044 /* G36L6 */,
			);
		};
/* End PBXProject section */

/* Begin PBXResourcesBuildPhase section */
		4C59F0671C69043D000FC044 /* Resources */ = {
			isa = PBXResourcesBuildPhase;
			buildActionMask = 2147483647;
			files = (
				4C59F0771C69043D000FC044 /* LaunchScreen.storyboard in Resources */,
				4C59F0741C69043D000FC044 /* Assets.xcassets in Resources */,
				4C59F0721C69043D000FC044 /* Main.storyboard in Resources */,
			);
			runOnlyForDeploymentPostprocessing = 0;
		};
/* End PBXResourcesBuildPhase section */

/* Begin PBXSourcesBuildPhase section */
		4C59F0651C69043D000FC044 /* Sources */ = {
			isa = PBXSourcesBuildPhase;
			buildActionMask = 2147483647;
			files = (
				4C59F0831C692361000FC044 /* SecondCustomSegueUnwind.swift in Sources */,
				4C59F0811C6918E3000FC044 /* WhiteViewController.swift in Sources */,
				4C59F07F1C690AB2000FC044 /* NIRestaurant.swift in Sources */,
				4C59F06F1C69043D000FC044 /* ViewController.swift in Sources */,
				4C59F06D1C69043D000FC044 /* AppDelegate.swift in Sources */,
			);
			runOnlyForDeploymentPostprocessing = 0;
		};
/* End PBXSourcesBuildPhase section */

/* Begin PBXVariantGroup section */
		4C59F0701C69043D000FC044 /* Main.storyboard */ = {
			isa = PBXVariantGroup;
			children = (
				4C59F0711C69043D000FC044 /* Base */,
			);
			name = Main.storyboard;
			sourceTree = "<group>";
		};
		4C59F0751C69043D000FC044 /* LaunchScreen.storyboard */ = {
			isa = PBXVariantGroup;
			children = (
				4C59F0761C69043D000FC044 /* Base */,
			);
			name = LaunchScreen.storyboard;
			sourceTree = "<group>";
		};
/* End PBXVariantGroup section */

/* Begin XCBuildConfiguration section */
		4C59F0791C69043D000FC044 /* Debug */ = {
			isa = XCBuildConfiguration;
			buildSettings = {
				ALWAYS_SEARCH_USER_PATHS = NO;
				CLANG_CXX_LANGUAGE_STANDARD = "gnu++0x";
				CLANG_CXX_LIBRARY = "libc++";
				CLANG_ENABLE_MODULES = YES;
				CLANG_ENABLE_OBJC_ARC = YES;
				CLANG_WARN_BOOL_CONVERSION = YES;
				CLANG_WARN_CONSTANT_CONVERSION = YES;
				CLANG_WARN_DIRECT_OBJC_ISA_USAGE = YES_ERROR;
				CLANG_WARN_EMPTY_BODY = YES;
				CLANG_WARN_ENUM_CONVERSION = YES;
				CLANG_WARN_INT_CONVERSION = YES;
				CLANG_WARN_OBJC_ROOT_CLASS = YES_ERROR;
				CLANG_WARN_UNREACHABLE_CODE = YES;
				CLANG_WARN__DUPLICATE_METHOD_MATCH = YES;
				"CODE_SIGN_IDENTITY[sdk=iphoneos*]" = "iPhone Developer";
				COPY_PHASE_STRIP = NO;
				DEBUG_INFORMATION_FORMAT = dwarf;
				ENABLE_STRICT_OBJC_MSGSEND = YES;
				ENABLE_TESTABILITY = YES;
				GCC_C_LANGUAGE_STANDARD = gnu99;
				GCC_DYNAMIC_NO_PIC = NO;
				GCC_NO_COMMON_BLOCKS = YES;
				GCC_OPTIMIZATION_LEVEL = 0;
				GCC_PREPROCESSOR_DEFINITIONS = (
					"DEBUG=1",
					"$(inherited)",
				);
				GCC_WARN_64_TO_32_BIT_CONVERSION = YES;
				GCC_WARN_ABOUT_RETURN_TYPE = YES_ERROR;
				GCC_WARN_UNDECLARED_SELECTOR = YES;
				GCC_WARN_UNINITIALIZED_AUTOS = YES_AGGRESSIVE;
				GCC_WARN_UNUSED_FUNCTION = YES;
				GCC_WARN_UNUSED_VARIABLE = YES;
				IPHONEOS_DEPLOYMENT_TARGET = 9.2;
				MTL_ENABLE_DEBUG_INFO = YES;
				ONLY_ACTIVE_ARCH = YES;
				SDKROOT = iphoneos;
				SWIFT_OPTIMIZATION_LEVEL = "-Onone";
				TARGETED_DEVICE_FAMILY = "1,2";
			};
			name = Debug;
		};
		4C59F07A1C69043D000FC044 /* Release */ = {
			isa = XCBuildConfiguration;
			buildSettings = {
				ALWAYS_SEARCH_USER_PATHS = NO;
				CLANG_CXX_LANGUAGE_STANDARD = "gnu++0x";
				CLANG_CXX_LIBRARY = "libc++";
				CLANG_ENABLE_MODULES = YES;
				CLANG_ENABLE_OBJC_ARC = YES;
				CLANG_WARN_BOOL_CONVERSION = YES;
				CLANG_WARN_CONSTANT_CONVERSION = YES;
				CLANG_WARN_DIRECT_OBJC_ISA_USAGE = YES_ERROR;
				CLANG_WARN_EMPTY_BODY = YES;
				CLANG_WARN_ENUM_CONVERSION = YES;
				CLANG_WARN_INT_CONVERSION = YES;
				CLANG_WARN_OBJC_ROOT_CLASS = YES_ERROR;
				CLANG_WARN_UNREACHABLE_CODE = YES;
				CLANG_WARN__DUPLICATE_METHOD_MATCH = YES;
				"CODE_SIGN_IDENTITY[sdk=iphoneos*]" = "iPhone Developer";
				COPY_PHASE_STRIP = NO;
				DEBUG_INFORMATION_FORMAT = "dwarf-with-dsym";
				ENABLE_NS_ASSERTIONS = NO;
				ENABLE_STRICT_OBJC_MSGSEND = YES;
				GCC_C_LANGUAGE_STANDARD = gnu99;
				GCC_NO_COMMON_BLOCKS = YES;
				GCC_WARN_64_TO_32_BIT_CONVERSION = YES;
				GCC_WARN_ABOUT_RETURN_TYPE = YES_ERROR;
				GCC_WARN_UNDECLARED_SELECTOR = YES;
				GCC_WARN_UNINITIALIZED_AUTOS = YES_AGGRESSIVE;
				GCC_WARN_UNUSED_FUNCTION = YES;
				GCC_WARN_UNUSED_VARIABLE = YES;
				IPHONEOS_DEPLOYMENT_TARGET = 9.2;
				MTL_ENABLE_DEBUG_INFO = NO;
				SDKROOT = iphoneos;
				TARGETED_DEVICE_FAMILY = "1,2";
				VALIDATE_PRODUCT = YES;
			};
			name = Release;
		};
		4C59F07C1C69043D000FC044 /* Debug */ = {
			isa = XCBuildConfiguration;
			buildSettings = {
				ASSETCATALOG_COMPILER_APPICON_NAME = AppIcon;
				INFOPLIST_FILE = G36L6/Info.plist;
				LD_RUNPATH_SEARCH_PATHS = "$(inherited) @executable_path/Frameworks";
				PRODUCT_BUNDLE_IDENTIFIER = itperspective.G36L6;
				PRODUCT_NAME = "$(TARGET_NAME)";
			};
			name = Debug;
		};
		4C59F07D1C69043D000FC044 /* Release */ = {
			isa = XCBuildConfiguration;
			buildSettings = {
				ASSETCATALOG_COMPILER_APPICON_NAME = AppIcon;
				INFOPLIST_FILE = G36L6/Info.plist;
				LD_RUNPATH_SEARCH_PATHS = "$(inherited) @executable_path/Frameworks";
				PRODUCT_BUNDLE_IDENTIFIER = itperspective.G36L6;
				PRODUCT_NAME = "$(TARGET_NAME)";
			};
			name = Release;
		};
/* End XCBuildConfiguration section */

/* Begin XCConfigurationList section */
		4C59F0641C69043D000FC044 /* Build configuration list for PBXProject "G36L6" */ = {
			isa = XCConfigurationList;
			buildConfigurations = (
				4C59F0791C69043D000FC044 /* Debug */,
				4C59F07A1C69043D000FC044 /* Release */,
			);
			defaultConfigurationIsVisible = 0;
			defaultConfigurationName = Release;
		};
		4C59F07B1C69043D000FC044 /* Build configuration list for PBXNativeTarget "G36L6" */ = {
			isa = XCConfigurationList;
			buildConfigurations = (
				4C59F07C1C69043D000FC044 /* Debug */,
				4C59F07D1C69043D000FC044 /* Release */,
			);
			defaultConfigurationIsVisible = 0;
		};
/* End XCConfigurationList section */
	};
	rootObject = 4C59F0611C69043D000FC044 /* Project object */;
}
