// !$*UTF8*$!
{
	archiveVersion = 1;
	classes = {
	};
	objectVersion = 46;
	objects = {

/* Begin PBXBuildFile section */
		BEFFFC531C56DCED00FF7386 /* AppDelegate.swift in Sources */ = {isa = PBXBuildFile; fileRef = BEFFFC521C56DCED00FF7386 /* AppDelegate.swift */; };
		BEFFFC551C56DCED00FF7386 /* ViewController.swift in Sources */ = {isa = PBXBuildFile; fileRef = BEFFFC541C56DCED00FF7386 /* ViewController.swift */; };
		BEFFFC581C56DCED00FF7386 /* Main.storyboard in Resources */ = {isa = PBXBuildFile; fileRef = BEFFFC561C56DCED00FF7386 /* Main.storyboard */; };
		BEFFFC5A1C56DCED00FF7386 /* Assets.xcassets in Resources */ = {isa = PBXBuildFile; fileRef = BEFFFC591C56DCED00FF7386 /* Assets.xcassets */; };
		BEFFFC5D1C56DCED00FF7386 /* LaunchScreen.storyboard in Resources */ = {isa = PBXBuildFile; fileRef = BEFFFC5B1C56DCED00FF7386 /* LaunchScreen.storyboard */; };
/* End PBXBuildFile section */

/* Begin PBXFileReference section */
		BEFFFC4F1C56DCED00FF7386 /* HomeWork2.app */ = {isa = PBXFileReference; explicitFileType = wrapper.application; includeInIndex = 0; path = HomeWork2.app; sourceTree = BUILT_PRODUCTS_DIR; };
		BEFFFC521C56DCED00FF7386 /* AppDelegate.swift */ = {isa = PBXFileReference; lastKnownFileType = sourcecode.swift; path = AppDelegate.swift; sourceTree = "<group>"; };
		BEFFFC541C56DCED00FF7386 /* ViewController.swift */ = {isa = PBXFileReference; lastKnownFileType = sourcecode.swift; path = ViewController.swift; sourceTree = "<group>"; };
		BEFFFC571C56DCED00FF7386 /* Base */ = {isa = PBXFileReference; lastKnownFileType = file.storyboard; name = Base; path = Base.lproj/Main.storyboard; sourceTree = "<group>"; };
		BEFFFC591C56DCED00FF7386 /* Assets.xcassets */ = {isa = PBXFileReference; lastKnownFileType = folder.assetcatalog; path = Assets.xcassets; sourceTree = "<group>"; };
		BEFFFC5C1C56DCED00FF7386 /* Base */ = {isa = PBXFileReference; lastKnownFileType = file.storyboard; name = Base; path = Base.lproj/LaunchScreen.storyboard; sourceTree = "<group>"; };
		BEFFFC5E1C56DCED00FF7386 /* Info.plist */ = {isa = PBXFileReference; lastKnownFileType = text.plist.xml; path = Info.plist; sourceTree = "<group>"; };
/* End PBXFileReference section */

/* Begin PBXFrameworksBuildPhase section */
		BEFFFC4C1C56DCED00FF7386 /* Frameworks */ = {
			isa = PBXFrameworksBuildPhase;
			buildActionMask = 2147483647;
			files = (
			);
			runOnlyForDeploymentPostprocessing = 0;
		};
/* End PBXFrameworksBuildPhase section */

/* Begin PBXGroup section */
		BEFFFC461C56DCED00FF7386 = {
			isa = PBXGroup;
			children = (
				BEFFFC511C56DCED00FF7386 /* HomeWork2 */,
				BEFFFC501C56DCED00FF7386 /* Products */,
			);
			sourceTree = "<group>";
		};
		BEFFFC501C56DCED00FF7386 /* Products */ = {
			isa = PBXGroup;
			children = (
				BEFFFC4F1C56DCED00FF7386 /* HomeWork2.app */,
			);
			name = Products;
			sourceTree = "<group>";
		};
		BEFFFC511C56DCED00FF7386 /* HomeWork2 */ = {
			isa = PBXGroup;
			children = (
				BEFFFC521C56DCED00FF7386 /* AppDelegate.swift */,
				BEFFFC541C56DCED00FF7386 /* ViewController.swift */,
				BEFFFC561C56DCED00FF7386 /* Main.storyboard */,
				BEFFFC591C56DCED00FF7386 /* Assets.xcassets */,
				BEFFFC5B1C56DCED00FF7386 /* LaunchScreen.storyboard */,
				BEFFFC5E1C56DCED00FF7386 /* Info.plist */,
			);
			path = HomeWork2;
			sourceTree = "<group>";
		};
/* End PBXGroup section */

/* Begin PBXNativeTarget section */
		BEFFFC4E1C56DCED00FF7386 /* HomeWork2 */ = {
			isa = PBXNativeTarget;
			buildConfigurationList = BEFFFC611C56DCED00FF7386 /* Build configuration list for PBXNativeTarget "HomeWork2" */;
			buildPhases = (
				BEFFFC4B1C56DCED00FF7386 /* Sources */,
				BEFFFC4C1C56DCED00FF7386 /* Frameworks */,
				BEFFFC4D1C56DCED00FF7386 /* Resources */,
			);
			buildRules = (
			);
			dependencies = (
			);
			name = HomeWork2;
			productName = HomeWork2;
			productReference = BEFFFC4F1C56DCED00FF7386 /* HomeWork2.app */;
			productType = "com.apple.product-type.application";
		};
/* End PBXNativeTarget section */

/* Begin PBXProject section */
		BEFFFC471C56DCED00FF7386 /* Project object */ = {
			isa = PBXProject;
			attributes = {
				LastSwiftUpdateCheck = 0720;
				LastUpgradeCheck = 0720;
				ORGANIZATIONNAME = "Ярослав";
				TargetAttributes = {
					BEFFFC4E1C56DCED00FF7386 = {
						CreatedOnToolsVersion = 7.2;
					};
				};
			};
			buildConfigurationList = BEFFFC4A1C56DCED00FF7386 /* Build configuration list for PBXProject "HomeWork2" */;
			compatibilityVersion = "Xcode 3.2";
			developmentRegion = English;
			hasScannedForEncodings = 0;
			knownRegions = (
				en,
				Base,
			);
			mainGroup = BEFFFC461C56DCED00FF7386;
			productRefGroup = BEFFFC501C56DCED00FF7386 /* Products */;
			projectDirPath = "";
			projectRoot = "";
			targets = (
				BEFFFC4E1C56DCED00FF7386 /* HomeWork2 */,
			);
		};
/* End PBXProject section */

/* Begin PBXResourcesBuildPhase section */
		BEFFFC4D1C56DCED00FF7386 /* Resources */ = {
			isa = PBXResourcesBuildPhase;
			buildActionMask = 2147483647;
			files = (
				BEFFFC5D1C56DCED00FF7386 /* LaunchScreen.storyboard in Resources */,
				BEFFFC5A1C56DCED00FF7386 /* Assets.xcassets in Resources */,
				BEFFFC581C56DCED00FF7386 /* Main.storyboard in Resources */,
			);
			runOnlyForDeploymentPostprocessing = 0;
		};
/* End PBXResourcesBuildPhase section */

/* Begin PBXSourcesBuildPhase section */
		BEFFFC4B1C56DCED00FF7386 /* Sources */ = {
			isa = PBXSourcesBuildPhase;
			buildActionMask = 2147483647;
			files = (
				BEFFFC551C56DCED00FF7386 /* ViewController.swift in Sources */,
				BEFFFC531C56DCED00FF7386 /* AppDelegate.swift in Sources */,
			);
			runOnlyForDeploymentPostprocessing = 0;
		};
/* End PBXSourcesBuildPhase section */

/* Begin PBXVariantGroup section */
		BEFFFC561C56DCED00FF7386 /* Main.storyboard */ = {
			isa = PBXVariantGroup;
			children = (
				BEFFFC571C56DCED00FF7386 /* Base */,
			);
			name = Main.storyboard;
			sourceTree = "<group>";
		};
		BEFFFC5B1C56DCED00FF7386 /* LaunchScreen.storyboard */ = {
			isa = PBXVariantGroup;
			children = (
				BEFFFC5C1C56DCED00FF7386 /* Base */,
			);
			name = LaunchScreen.storyboard;
			sourceTree = "<group>";
		};
/* End PBXVariantGroup section */

/* Begin XCBuildConfiguration section */
		BEFFFC5F1C56DCED00FF7386 /* Debug */ = {
			isa = XCBuildConfiguration;
			buildSettings = {
				ALWAYS_SEARCH_USER_PATHS = NO;
				CLANG_CXX_LANGUAGE_STANDARD = "gnu++0x";
				CLANG_CXX_LIBRARY = "libc++";
				CLANG_ENABLE_MODULES = YES;
				CLANG_ENABLE_OBJC_ARC = YES;
				CLANG_WARN_BOOL_CONVERSION = YES;
				CLANG_WARN_CONSTANT_CONVERSION = YES;
				CLANG_WARN_DIRECT_OBJC_ISA_USAGE = YES_ERROR;
				CLANG_WARN_EMPTY_BODY = YES;
				CLANG_WARN_ENUM_CONVERSION = YES;
				CLANG_WARN_INT_CONVERSION = YES;
				CLANG_WARN_OBJC_ROOT_CLASS = YES_ERROR;
				CLANG_WARN_UNREACHABLE_CODE = YES;
				CLANG_WARN__DUPLICATE_METHOD_MATCH = YES;
				"CODE_SIGN_IDENTITY[sdk=iphoneos*]" = "iPhone Developer";
				COPY_PHASE_STRIP = NO;
				DEBUG_INFORMATION_FORMAT = dwarf;
				ENABLE_STRICT_OBJC_MSGSEND = YES;
				ENABLE_TESTABILITY = YES;
				GCC_C_LANGUAGE_STANDARD = gnu99;
				GCC_DYNAMIC_NO_PIC = NO;
				GCC_NO_COMMON_BLOCKS = YES;
				GCC_OPTIMIZATION_LEVEL = 0;
				GCC_PREPROCESSOR_DEFINITIONS = (
					"DEBUG=1",
					"$(inherited)",
				);
				GCC_WARN_64_TO_32_BIT_CONVERSION = YES;
				GCC_WARN_ABOUT_RETURN_TYPE = YES_ERROR;
				GCC_WARN_UNDECLARED_SELECTOR = YES;
				GCC_WARN_UNINITIALIZED_AUTOS = YES_AGGRESSIVE;
				GCC_WARN_UNUSED_FUNCTION = YES;
				GCC_WARN_UNUSED_VARIABLE = YES;
				IPHONEOS_DEPLOYMENT_TARGET = 9.2;
				MTL_ENABLE_DEBUG_INFO = YES;
				ONLY_ACTIVE_ARCH = YES;
				SDKROOT = iphoneos;
				SWIFT_OPTIMIZATION_LEVEL = "-Onone";
			};
			name = Debug;
		};
		BEFFFC601C56DCED00FF7386 /* Release */ = {
			isa = XCBuildConfiguration;
			buildSettings = {
				ALWAYS_SEARCH_USER_PATHS = NO;
				CLANG_CXX_LANGUAGE_STANDARD = "gnu++0x";
				CLANG_CXX_LIBRARY = "libc++";
				CLANG_ENABLE_MODULES = YES;
				CLANG_ENABLE_OBJC_ARC = YES;
				CLANG_WARN_BOOL_CONVERSION = YES;
				CLANG_WARN_CONSTANT_CONVERSION = YES;
				CLANG_WARN_DIRECT_OBJC_ISA_USAGE = YES_ERROR;
				CLANG_WARN_EMPTY_BODY = YES;
				CLANG_WARN_ENUM_CONVERSION = YES;
				CLANG_WARN_INT_CONVERSION = YES;
				CLANG_WARN_OBJC_ROOT_CLASS = YES_ERROR;
				CLANG_WARN_UNREACHABLE_CODE = YES;
				CLANG_WARN__DUPLICATE_METHOD_MATCH = YES;
				"CODE_SIGN_IDENTITY[sdk=iphoneos*]" = "iPhone Developer";
				COPY_PHASE_STRIP = NO;
				DEBUG_INFORMATION_FORMAT = "dwarf-with-dsym";
				ENABLE_NS_ASSERTIONS = NO;
				ENABLE_STRICT_OBJC_MSGSEND = YES;
				GCC_C_LANGUAGE_STANDARD = gnu99;
				GCC_NO_COMMON_BLOCKS = YES;
				GCC_WARN_64_TO_32_BIT_CONVERSION = YES;
				GCC_WARN_ABOUT_RETURN_TYPE = YES_ERROR;
				GCC_WARN_UNDECLARED_SELECTOR = YES;
				GCC_WARN_UNINITIALIZED_AUTOS = YES_AGGRESSIVE;
				GCC_WARN_UNUSED_FUNCTION = YES;
				GCC_WARN_UNUSED_VARIABLE = YES;
				IPHONEOS_DEPLOYMENT_TARGET = 9.2;
				MTL_ENABLE_DEBUG_INFO = NO;
				SDKROOT = iphoneos;
				VALIDATE_PRODUCT = YES;
			};
			name = Release;
		};
		BEFFFC621C56DCED00FF7386 /* Debug */ = {
			isa = XCBuildConfiguration;
			buildSettings = {
				ASSETCATALOG_COMPILER_APPICON_NAME = AppIcon;
				INFOPLIST_FILE = HomeWork2/Info.plist;
				LD_RUNPATH_SEARCH_PATHS = "$(inherited) @executable_path/Frameworks";
				PRODUCT_BUNDLE_IDENTIFIER = web.HomeWork2;
				PRODUCT_NAME = "$(TARGET_NAME)";
			};
			name = Debug;
		};
		BEFFFC631C56DCED00FF7386 /* Release */ = {
			isa = XCBuildConfiguration;
			buildSettings = {
				ASSETCATALOG_COMPILER_APPICON_NAME = AppIcon;
				INFOPLIST_FILE = HomeWork2/Info.plist;
				LD_RUNPATH_SEARCH_PATHS = "$(inherited) @executable_path/Frameworks";
				PRODUCT_BUNDLE_IDENTIFIER = web.HomeWork2;
				PRODUCT_NAME = "$(TARGET_NAME)";
			};
			name = Release;
		};
/* End XCBuildConfiguration section */

/* Begin XCConfigurationList section */
		BEFFFC4A1C56DCED00FF7386 /* Build configuration list for PBXProject "HomeWork2" */ = {
			isa = XCConfigurationList;
			buildConfigurations = (
				BEFFFC5F1C56DCED00FF7386 /* Debug */,
				BEFFFC601C56DCED00FF7386 /* Release */,
			);
			defaultConfigurationIsVisible = 0;
			defaultConfigurationName = Release;
		};
		BEFFFC611C56DCED00FF7386 /* Build configuration list for PBXNativeTarget "HomeWork2" */ = {
			isa = XCConfigurationList;
			buildConfigurations = (
				BEFFFC621C56DCED00FF7386 /* Debug */,
				BEFFFC631C56DCED00FF7386 /* Release */,
			);
			defaultConfigurationIsVisible = 0;
		};
/* End XCConfigurationList section */
	};
	rootObject = BEFFFC471C56DCED00FF7386 /* Project object */;
}
