// !$*UTF8*$!
{
	archiveVersion = 1;
	classes = {
	};
	objectVersion = 46;
	objects = {

/* Begin PBXBuildFile section */
		BE89B3C81C6135AA0088F88A /* AppDelegate.swift in Sources */ = {isa = PBXBuildFile; fileRef = BE89B3C71C6135AA0088F88A /* AppDelegate.swift */; };
		BE89B3CA1C6135AA0088F88A /* ViewController.swift in Sources */ = {isa = PBXBuildFile; fileRef = BE89B3C91C6135AA0088F88A /* ViewController.swift */; };
		BE89B3CD1C6135AA0088F88A /* Main.storyboard in Resources */ = {isa = PBXBuildFile; fileRef = BE89B3CB1C6135AA0088F88A /* Main.storyboard */; };
		BE89B3CF1C6135AA0088F88A /* Assets.xcassets in Resources */ = {isa = PBXBuildFile; fileRef = BE89B3CE1C6135AA0088F88A /* Assets.xcassets */; };
		BE89B3D21C6135AA0088F88A /* LaunchScreen.storyboard in Resources */ = {isa = PBXBuildFile; fileRef = BE89B3D01C6135AA0088F88A /* LaunchScreen.storyboard */; };
/* End PBXBuildFile section */

/* Begin PBXFileReference section */
		BE89B3C41C6135AA0088F88A /* HomeWork4.app */ = {isa = PBXFileReference; explicitFileType = wrapper.application; includeInIndex = 0; path = HomeWork4.app; sourceTree = BUILT_PRODUCTS_DIR; };
		BE89B3C71C6135AA0088F88A /* AppDelegate.swift */ = {isa = PBXFileReference; lastKnownFileType = sourcecode.swift; path = AppDelegate.swift; sourceTree = "<group>"; };
		BE89B3C91C6135AA0088F88A /* ViewController.swift */ = {isa = PBXFileReference; lastKnownFileType = sourcecode.swift; path = ViewController.swift; sourceTree = "<group>"; };
		BE89B3CC1C6135AA0088F88A /* Base */ = {isa = PBXFileReference; lastKnownFileType = file.storyboard; name = Base; path = Base.lproj/Main.storyboard; sourceTree = "<group>"; };
		BE89B3CE1C6135AA0088F88A /* Assets.xcassets */ = {isa = PBXFileReference; lastKnownFileType = folder.assetcatalog; path = Assets.xcassets; sourceTree = "<group>"; };
		BE89B3D11C6135AA0088F88A /* Base */ = {isa = PBXFileReference; lastKnownFileType = file.storyboard; name = Base; path = Base.lproj/LaunchScreen.storyboard; sourceTree = "<group>"; };
		BE89B3D31C6135AA0088F88A /* Info.plist */ = {isa = PBXFileReference; lastKnownFileType = text.plist.xml; path = Info.plist; sourceTree = "<group>"; };
/* End PBXFileReference section */

/* Begin PBXFrameworksBuildPhase section */
		BE89B3C11C6135AA0088F88A /* Frameworks */ = {
			isa = PBXFrameworksBuildPhase;
			buildActionMask = 2147483647;
			files = (
			);
			runOnlyForDeploymentPostprocessing = 0;
		};
/* End PBXFrameworksBuildPhase section */

/* Begin PBXGroup section */
		BE89B3BB1C6135AA0088F88A = {
			isa = PBXGroup;
			children = (
				BE89B3C61C6135AA0088F88A /* HomeWork4 */,
				BE89B3C51C6135AA0088F88A /* Products */,
			);
			sourceTree = "<group>";
		};
		BE89B3C51C6135AA0088F88A /* Products */ = {
			isa = PBXGroup;
			children = (
				BE89B3C41C6135AA0088F88A /* HomeWork4.app */,
			);
			name = Products;
			sourceTree = "<group>";
		};
		BE89B3C61C6135AA0088F88A /* HomeWork4 */ = {
			isa = PBXGroup;
			children = (
				BE89B3C71C6135AA0088F88A /* AppDelegate.swift */,
				BE89B3C91C6135AA0088F88A /* ViewController.swift */,
				BE89B3CB1C6135AA0088F88A /* Main.storyboard */,
				BE89B3CE1C6135AA0088F88A /* Assets.xcassets */,
				BE89B3D01C6135AA0088F88A /* LaunchScreen.storyboard */,
				BE89B3D31C6135AA0088F88A /* Info.plist */,
			);
			path = HomeWork4;
			sourceTree = "<group>";
		};
/* End PBXGroup section */

/* Begin PBXNativeTarget section */
		BE89B3C31C6135AA0088F88A /* HomeWork4 */ = {
			isa = PBXNativeTarget;
			buildConfigurationList = BE89B3D61C6135AA0088F88A /* Build configuration list for PBXNativeTarget "HomeWork4" */;
			buildPhases = (
				BE89B3C01C6135AA0088F88A /* Sources */,
				BE89B3C11C6135AA0088F88A /* Frameworks */,
				BE89B3C21C6135AA0088F88A /* Resources */,
			);
			buildRules = (
			);
			dependencies = (
			);
			name = HomeWork4;
			productName = HomeWork4;
			productReference = BE89B3C41C6135AA0088F88A /* HomeWork4.app */;
			productType = "com.apple.product-type.application";
		};
/* End PBXNativeTarget section */

/* Begin PBXProject section */
		BE89B3BC1C6135AA0088F88A /* Project object */ = {
			isa = PBXProject;
			attributes = {
				LastSwiftUpdateCheck = 0720;
				LastUpgradeCheck = 0720;
				ORGANIZATIONNAME = "Ярослав";
				TargetAttributes = {
					BE89B3C31C6135AA0088F88A = {
						CreatedOnToolsVersion = 7.2;
					};
				};
			};
			buildConfigurationList = BE89B3BF1C6135AA0088F88A /* Build configuration list for PBXProject "HomeWork4" */;
			compatibilityVersion = "Xcode 3.2";
			developmentRegion = English;
			hasScannedForEncodings = 0;
			knownRegions = (
				en,
				Base,
			);
			mainGroup = BE89B3BB1C6135AA0088F88A;
			productRefGroup = BE89B3C51C6135AA0088F88A /* Products */;
			projectDirPath = "";
			projectRoot = "";
			targets = (
				BE89B3C31C6135AA0088F88A /* HomeWork4 */,
			);
		};
/* End PBXProject section */

/* Begin PBXResourcesBuildPhase section */
		BE89B3C21C6135AA0088F88A /* Resources */ = {
			isa = PBXResourcesBuildPhase;
			buildActionMask = 2147483647;
			files = (
				BE89B3D21C6135AA0088F88A /* LaunchScreen.storyboard in Resources */,
				BE89B3CF1C6135AA0088F88A /* Assets.xcassets in Resources */,
				BE89B3CD1C6135AA0088F88A /* Main.storyboard in Resources */,
			);
			runOnlyForDeploymentPostprocessing = 0;
		};
/* End PBXResourcesBuildPhase section */

/* Begin PBXSourcesBuildPhase section */
		BE89B3C01C6135AA0088F88A /* Sources */ = {
			isa = PBXSourcesBuildPhase;
			buildActionMask = 2147483647;
			files = (
				BE89B3CA1C6135AA0088F88A /* ViewController.swift in Sources */,
				BE89B3C81C6135AA0088F88A /* AppDelegate.swift in Sources */,
			);
			runOnlyForDeploymentPostprocessing = 0;
		};
/* End PBXSourcesBuildPhase section */

/* Begin PBXVariantGroup section */
		BE89B3CB1C6135AA0088F88A /* Main.storyboard */ = {
			isa = PBXVariantGroup;
			children = (
				BE89B3CC1C6135AA0088F88A /* Base */,
			);
			name = Main.storyboard;
			sourceTree = "<group>";
		};
		BE89B3D01C6135AA0088F88A /* LaunchScreen.storyboard */ = {
			isa = PBXVariantGroup;
			children = (
				BE89B3D11C6135AA0088F88A /* Base */,
			);
			name = LaunchScreen.storyboard;
			sourceTree = "<group>";
		};
/* End PBXVariantGroup section */

/* Begin XCBuildConfiguration section */
		BE89B3D41C6135AA0088F88A /* Debug */ = {
			isa = XCBuildConfiguration;
			buildSettings = {
				ALWAYS_SEARCH_USER_PATHS = NO;
				CLANG_CXX_LANGUAGE_STANDARD = "gnu++0x";
				CLANG_CXX_LIBRARY = "libc++";
				CLANG_ENABLE_MODULES = YES;
				CLANG_ENABLE_OBJC_ARC = YES;
				CLANG_WARN_BOOL_CONVERSION = YES;
				CLANG_WARN_CONSTANT_CONVERSION = YES;
				CLANG_WARN_DIRECT_OBJC_ISA_USAGE = YES_ERROR;
				CLANG_WARN_EMPTY_BODY = YES;
				CLANG_WARN_ENUM_CONVERSION = YES;
				CLANG_WARN_INT_CONVERSION = YES;
				CLANG_WARN_OBJC_ROOT_CLASS = YES_ERROR;
				CLANG_WARN_UNREACHABLE_CODE = YES;
				CLANG_WARN__DUPLICATE_METHOD_MATCH = YES;
				"CODE_SIGN_IDENTITY[sdk=iphoneos*]" = "iPhone Developer";
				COPY_PHASE_STRIP = NO;
				DEBUG_INFORMATION_FORMAT = dwarf;
				ENABLE_STRICT_OBJC_MSGSEND = YES;
				ENABLE_TESTABILITY = YES;
				GCC_C_LANGUAGE_STANDARD = gnu99;
				GCC_DYNAMIC_NO_PIC = NO;
				GCC_NO_COMMON_BLOCKS = YES;
				GCC_OPTIMIZATION_LEVEL = 0;
				GCC_PREPROCESSOR_DEFINITIONS = (
					"DEBUG=1",
					"$(inherited)",
				);
				GCC_WARN_64_TO_32_BIT_CONVERSION = YES;
				GCC_WARN_ABOUT_RETURN_TYPE = YES_ERROR;
				GCC_WARN_UNDECLARED_SELECTOR = YES;
				GCC_WARN_UNINITIALIZED_AUTOS = YES_AGGRESSIVE;
				GCC_WARN_UNUSED_FUNCTION = YES;
				GCC_WARN_UNUSED_VARIABLE = YES;
				IPHONEOS_DEPLOYMENT_TARGET = 9.2;
				MTL_ENABLE_DEBUG_INFO = YES;
				ONLY_ACTIVE_ARCH = YES;
				SDKROOT = iphoneos;
				SWIFT_OPTIMIZATION_LEVEL = "-Onone";
			};
			name = Debug;
		};
		BE89B3D51C6135AA0088F88A /* Release */ = {
			isa = XCBuildConfiguration;
			buildSettings = {
				ALWAYS_SEARCH_USER_PATHS = NO;
				CLANG_CXX_LANGUAGE_STANDARD = "gnu++0x";
				CLANG_CXX_LIBRARY = "libc++";
				CLANG_ENABLE_MODULES = YES;
				CLANG_ENABLE_OBJC_ARC = YES;
				CLANG_WARN_BOOL_CONVERSION = YES;
				CLANG_WARN_CONSTANT_CONVERSION = YES;
				CLANG_WARN_DIRECT_OBJC_ISA_USAGE = YES_ERROR;
				CLANG_WARN_EMPTY_BODY = YES;
				CLANG_WARN_ENUM_CONVERSION = YES;
				CLANG_WARN_INT_CONVERSION = YES;
				CLANG_WARN_OBJC_ROOT_CLASS = YES_ERROR;
				CLANG_WARN_UNREACHABLE_CODE = YES;
				CLANG_WARN__DUPLICATE_METHOD_MATCH = YES;
				"CODE_SIGN_IDENTITY[sdk=iphoneos*]" = "iPhone Developer";
				COPY_PHASE_STRIP = NO;
				DEBUG_INFORMATION_FORMAT = "dwarf-with-dsym";
				ENABLE_NS_ASSERTIONS = NO;
				ENABLE_STRICT_OBJC_MSGSEND = YES;
				GCC_C_LANGUAGE_STANDARD = gnu99;
				GCC_NO_COMMON_BLOCKS = YES;
				GCC_WARN_64_TO_32_BIT_CONVERSION = YES;
				GCC_WARN_ABOUT_RETURN_TYPE = YES_ERROR;
				GCC_WARN_UNDECLARED_SELECTOR = YES;
				GCC_WARN_UNINITIALIZED_AUTOS = YES_AGGRESSIVE;
				GCC_WARN_UNUSED_FUNCTION = YES;
				GCC_WARN_UNUSED_VARIABLE = YES;
				IPHONEOS_DEPLOYMENT_TARGET = 9.2;
				MTL_ENABLE_DEBUG_INFO = NO;
				SDKROOT = iphoneos;
				VALIDATE_PRODUCT = YES;
			};
			name = Release;
		};
		BE89B3D71C6135AA0088F88A /* Debug */ = {
			isa = XCBuildConfiguration;
			buildSettings = {
				ASSETCATALOG_COMPILER_APPICON_NAME = AppIcon;
				INFOPLIST_FILE = HomeWork4/Info.plist;
				LD_RUNPATH_SEARCH_PATHS = "$(inherited) @executable_path/Frameworks";
				PRODUCT_BUNDLE_IDENTIFIER = web.HomeWork4;
				PRODUCT_NAME = "$(TARGET_NAME)";
			};
			name = Debug;
		};
		BE89B3D81C6135AA0088F88A /* Release */ = {
			isa = XCBuildConfiguration;
			buildSettings = {
				ASSETCATALOG_COMPILER_APPICON_NAME = AppIcon;
				INFOPLIST_FILE = HomeWork4/Info.plist;
				LD_RUNPATH_SEARCH_PATHS = "$(inherited) @executable_path/Frameworks";
				PRODUCT_BUNDLE_IDENTIFIER = web.HomeWork4;
				PRODUCT_NAME = "$(TARGET_NAME)";
			};
			name = Release;
		};
/* End XCBuildConfiguration section */

/* Begin XCConfigurationList section */
		BE89B3BF1C6135AA0088F88A /* Build configuration list for PBXProject "HomeWork4" */ = {
			isa = XCConfigurationList;
			buildConfigurations = (
				BE89B3D41C6135AA0088F88A /* Debug */,
				BE89B3D51C6135AA0088F88A /* Release */,
			);
			defaultConfigurationIsVisible = 0;
			defaultConfigurationName = Release;
		};
		BE89B3D61C6135AA0088F88A /* Build configuration list for PBXNativeTarget "HomeWork4" */ = {
			isa = XCConfigurationList;
			buildConfigurations = (
				BE89B3D71C6135AA0088F88A /* Debug */,
				BE89B3D81C6135AA0088F88A /* Release */,
			);
			defaultConfigurationIsVisible = 0;
		};
/* End XCConfigurationList section */
	};
	rootObject = BE89B3BC1C6135AA0088F88A /* Project object */;
}
