// !$*UTF8*$!
{
	archiveVersion = 1;
	classes = {
	};
	objectVersion = 46;
	objects = {

/* Begin PBXBuildFile section */
		4CE2A5571C626D2200DCA116 /* AppDelegate.swift in Sources */ = {isa = PBXBuildFile; fileRef = 4CE2A5561C626D2200DCA116 /* AppDelegate.swift */; };
		4CE2A5591C626D2200DCA116 /* ViewController.swift in Sources */ = {isa = PBXBuildFile; fileRef = 4CE2A5581C626D2200DCA116 /* ViewController.swift */; };
		4CE2A55C1C626D2200DCA116 /* Main.storyboard in Resources */ = {isa = PBXBuildFile; fileRef = 4CE2A55A1C626D2200DCA116 /* Main.storyboard */; };
		4CE2A55E1C626D2200DCA116 /* Assets.xcassets in Resources */ = {isa = PBXBuildFile; fileRef = 4CE2A55D1C626D2200DCA116 /* Assets.xcassets */; };
		4CE2A5611C626D2200DCA116 /* LaunchScreen.storyboard in Resources */ = {isa = PBXBuildFile; fileRef = 4CE2A55F1C626D2200DCA116 /* LaunchScreen.storyboard */; };
		4CE2A5691C62840100DCA116 /* UIExtentions.swift in Sources */ = {isa = PBXBuildFile; fileRef = 4CE2A5681C62840100DCA116 /* UIExtentions.swift */; };
		4CE2A56B1C628FA000DCA116 /* CarsDescription.plist in Resources */ = {isa = PBXBuildFile; fileRef = 4CE2A56A1C628FA000DCA116 /* CarsDescription.plist */; };
/* End PBXBuildFile section */

/* Begin PBXFileReference section */
		4CE2A5531C626D2200DCA116 /* G36L5.app */ = {isa = PBXFileReference; explicitFileType = wrapper.application; includeInIndex = 0; path = G36L5.app; sourceTree = BUILT_PRODUCTS_DIR; };
		4CE2A5561C626D2200DCA116 /* AppDelegate.swift */ = {isa = PBXFileReference; lastKnownFileType = sourcecode.swift; path = AppDelegate.swift; sourceTree = "<group>"; };
		4CE2A5581C626D2200DCA116 /* ViewController.swift */ = {isa = PBXFileReference; lastKnownFileType = sourcecode.swift; path = ViewController.swift; sourceTree = "<group>"; };
		4CE2A55B1C626D2200DCA116 /* Base */ = {isa = PBXFileReference; lastKnownFileType = file.storyboard; name = Base; path = Base.lproj/Main.storyboard; sourceTree = "<group>"; };
		4CE2A55D1C626D2200DCA116 /* Assets.xcassets */ = {isa = PBXFileReference; lastKnownFileType = folder.assetcatalog; path = Assets.xcassets; sourceTree = "<group>"; };
		4CE2A5601C626D2200DCA116 /* Base */ = {isa = PBXFileReference; lastKnownFileType = file.storyboard; name = Base; path = Base.lproj/LaunchScreen.storyboard; sourceTree = "<group>"; };
		4CE2A5621C626D2200DCA116 /* Info.plist */ = {isa = PBXFileReference; lastKnownFileType = text.plist.xml; path = Info.plist; sourceTree = "<group>"; };
		4CE2A5681C62840100DCA116 /* UIExtentions.swift */ = {isa = PBXFileReference; fileEncoding = 4; lastKnownFileType = sourcecode.swift; path = UIExtentions.swift; sourceTree = "<group>"; };
		4CE2A56A1C628FA000DCA116 /* CarsDescription.plist */ = {isa = PBXFileReference; fileEncoding = 4; lastKnownFileType = text.plist.xml; path = CarsDescription.plist; sourceTree = "<group>"; };
/* End PBXFileReference section */

/* Begin PBXFrameworksBuildPhase section */
		4CE2A5501C626D2200DCA116 /* Frameworks */ = {
			isa = PBXFrameworksBuildPhase;
			buildActionMask = 2147483647;
			files = (
			);
			runOnlyForDeploymentPostprocessing = 0;
		};
/* End PBXFrameworksBuildPhase section */

/* Begin PBXGroup section */
		4CE2A54A1C626D2200DCA116 = {
			isa = PBXGroup;
			children = (
				4CE2A5551C626D2200DCA116 /* G36L5 */,
				4CE2A5541C626D2200DCA116 /* Products */,
			);
			sourceTree = "<group>";
		};
		4CE2A5541C626D2200DCA116 /* Products */ = {
			isa = PBXGroup;
			children = (
				4CE2A5531C626D2200DCA116 /* G36L5.app */,
			);
			name = Products;
			sourceTree = "<group>";
		};
		4CE2A5551C626D2200DCA116 /* G36L5 */ = {
			isa = PBXGroup;
			children = (
				4CE2A5561C626D2200DCA116 /* AppDelegate.swift */,
				4CE2A5581C626D2200DCA116 /* ViewController.swift */,
				4CE2A55A1C626D2200DCA116 /* Main.storyboard */,
				4CE2A56A1C628FA000DCA116 /* CarsDescription.plist */,
				4CE2A5681C62840100DCA116 /* UIExtentions.swift */,
				4CE2A55D1C626D2200DCA116 /* Assets.xcassets */,
				4CE2A55F1C626D2200DCA116 /* LaunchScreen.storyboard */,
				4CE2A5621C626D2200DCA116 /* Info.plist */,
			);
			path = G36L5;
			sourceTree = "<group>";
		};
/* End PBXGroup section */

/* Begin PBXNativeTarget section */
		4CE2A5521C626D2200DCA116 /* G36L5 */ = {
			isa = PBXNativeTarget;
			buildConfigurationList = 4CE2A5651C626D2200DCA116 /* Build configuration list for PBXNativeTarget "G36L5" */;
			buildPhases = (
				4CE2A54F1C626D2200DCA116 /* Sources */,
				4CE2A5501C626D2200DCA116 /* Frameworks */,
				4CE2A5511C626D2200DCA116 /* Resources */,
			);
			buildRules = (
			);
			dependencies = (
			);
			name = G36L5;
			productName = G36L5;
			productReference = 4CE2A5531C626D2200DCA116 /* G36L5.app */;
			productType = "com.apple.product-type.application";
		};
/* End PBXNativeTarget section */

/* Begin PBXProject section */
		4CE2A54B1C626D2200DCA116 /* Project object */ = {
			isa = PBXProject;
			attributes = {
				LastSwiftUpdateCheck = 0720;
				LastUpgradeCheck = 0720;
				ORGANIZATIONNAME = "Ivan Besarab";
				TargetAttributes = {
					4CE2A5521C626D2200DCA116 = {
						CreatedOnToolsVersion = 7.2;
					};
				};
			};
			buildConfigurationList = 4CE2A54E1C626D2200DCA116 /* Build configuration list for PBXProject "G36L5" */;
			compatibilityVersion = "Xcode 3.2";
			developmentRegion = English;
			hasScannedForEncodings = 0;
			knownRegions = (
				en,
				Base,
			);
			mainGroup = 4CE2A54A1C626D2200DCA116;
			productRefGroup = 4CE2A5541C626D2200DCA116 /* Products */;
			projectDirPath = "";
			projectRoot = "";
			targets = (
				4CE2A5521C626D2200DCA116 /* G36L5 */,
			);
		};
/* End PBXProject section */

/* Begin PBXResourcesBuildPhase section */
		4CE2A5511C626D2200DCA116 /* Resources */ = {
			isa = PBXResourcesBuildPhase;
			buildActionMask = 2147483647;
			files = (
				4CE2A56B1C628FA000DCA116 /* CarsDescription.plist in Resources */,
				4CE2A5611C626D2200DCA116 /* LaunchScreen.storyboard in Resources */,
				4CE2A55E1C626D2200DCA116 /* Assets.xcassets in Resources */,
				4CE2A55C1C626D2200DCA116 /* Main.storyboard in Resources */,
			);
			runOnlyForDeploymentPostprocessing = 0;
		};
/* End PBXResourcesBuildPhase section */

/* Begin PBXSourcesBuildPhase section */
		4CE2A54F1C626D2200DCA116 /* Sources */ = {
			isa = PBXSourcesBuildPhase;
			buildActionMask = 2147483647;
			files = (
				4CE2A5691C62840100DCA116 /* UIExtentions.swift in Sources */,
				4CE2A5591C626D2200DCA116 /* ViewController.swift in Sources */,
				4CE2A5571C626D2200DCA116 /* AppDelegate.swift in Sources */,
			);
			runOnlyForDeploymentPostprocessing = 0;
		};
/* End PBXSourcesBuildPhase section */

/* Begin PBXVariantGroup section */
		4CE2A55A1C626D2200DCA116 /* Main.storyboard */ = {
			isa = PBXVariantGroup;
			children = (
				4CE2A55B1C626D2200DCA116 /* Base */,
			);
			name = Main.storyboard;
			sourceTree = "<group>";
		};
		4CE2A55F1C626D2200DCA116 /* LaunchScreen.storyboard */ = {
			isa = PBXVariantGroup;
			children = (
				4CE2A5601C626D2200DCA116 /* Base */,
			);
			name = LaunchScreen.storyboard;
			sourceTree = "<group>";
		};
/* End PBXVariantGroup section */

/* Begin XCBuildConfiguration section */
		4CE2A5631C626D2200DCA116 /* Debug */ = {
			isa = XCBuildConfiguration;
			buildSettings = {
				ALWAYS_SEARCH_USER_PATHS = NO;
				CLANG_CXX_LANGUAGE_STANDARD = "gnu++0x";
				CLANG_CXX_LIBRARY = "libc++";
				CLANG_ENABLE_MODULES = YES;
				CLANG_ENABLE_OBJC_ARC = YES;
				CLANG_WARN_BOOL_CONVERSION = YES;
				CLANG_WARN_CONSTANT_CONVERSION = YES;
				CLANG_WARN_DIRECT_OBJC_ISA_USAGE = YES_ERROR;
				CLANG_WARN_EMPTY_BODY = YES;
				CLANG_WARN_ENUM_CONVERSION = YES;
				CLANG_WARN_INT_CONVERSION = YES;
				CLANG_WARN_OBJC_ROOT_CLASS = YES_ERROR;
				CLANG_WARN_UNREACHABLE_CODE = YES;
				CLANG_WARN__DUPLICATE_METHOD_MATCH = YES;
				"CODE_SIGN_IDENTITY[sdk=iphoneos*]" = "iPhone Developer";
				COPY_PHASE_STRIP = NO;
				DEBUG_INFORMATION_FORMAT = dwarf;
				ENABLE_STRICT_OBJC_MSGSEND = YES;
				ENABLE_TESTABILITY = YES;
				GCC_C_LANGUAGE_STANDARD = gnu99;
				GCC_DYNAMIC_NO_PIC = NO;
				GCC_NO_COMMON_BLOCKS = YES;
				GCC_OPTIMIZATION_LEVEL = 0;
				GCC_PREPROCESSOR_DEFINITIONS = (
					"DEBUG=1",
					"$(inherited)",
				);
				GCC_WARN_64_TO_32_BIT_CONVERSION = YES;
				GCC_WARN_ABOUT_RETURN_TYPE = YES_ERROR;
				GCC_WARN_UNDECLARED_SELECTOR = YES;
				GCC_WARN_UNINITIALIZED_AUTOS = YES_AGGRESSIVE;
				GCC_WARN_UNUSED_FUNCTION = YES;
				GCC_WARN_UNUSED_VARIABLE = YES;
				IPHONEOS_DEPLOYMENT_TARGET = 9.2;
				MTL_ENABLE_DEBUG_INFO = YES;
				ONLY_ACTIVE_ARCH = YES;
				SDKROOT = iphoneos;
				SWIFT_OPTIMIZATION_LEVEL = "-Onone";
				TARGETED_DEVICE_FAMILY = "1,2";
			};
			name = Debug;
		};
		4CE2A5641C626D2200DCA116 /* Release */ = {
			isa = XCBuildConfiguration;
			buildSettings = {
				ALWAYS_SEARCH_USER_PATHS = NO;
				CLANG_CXX_LANGUAGE_STANDARD = "gnu++0x";
				CLANG_CXX_LIBRARY = "libc++";
				CLANG_ENABLE_MODULES = YES;
				CLANG_ENABLE_OBJC_ARC = YES;
				CLANG_WARN_BOOL_CONVERSION = YES;
				CLANG_WARN_CONSTANT_CONVERSION = YES;
				CLANG_WARN_DIRECT_OBJC_ISA_USAGE = YES_ERROR;
				CLANG_WARN_EMPTY_BODY = YES;
				CLANG_WARN_ENUM_CONVERSION = YES;
				CLANG_WARN_INT_CONVERSION = YES;
				CLANG_WARN_OBJC_ROOT_CLASS = YES_ERROR;
				CLANG_WARN_UNREACHABLE_CODE = YES;
				CLANG_WARN__DUPLICATE_METHOD_MATCH = YES;
				"CODE_SIGN_IDENTITY[sdk=iphoneos*]" = "iPhone Developer";
				COPY_PHASE_STRIP = NO;
				DEBUG_INFORMATION_FORMAT = "dwarf-with-dsym";
				ENABLE_NS_ASSERTIONS = NO;
				ENABLE_STRICT_OBJC_MSGSEND = YES;
				GCC_C_LANGUAGE_STANDARD = gnu99;
				GCC_NO_COMMON_BLOCKS = YES;
				GCC_WARN_64_TO_32_BIT_CONVERSION = YES;
				GCC_WARN_ABOUT_RETURN_TYPE = YES_ERROR;
				GCC_WARN_UNDECLARED_SELECTOR = YES;
				GCC_WARN_UNINITIALIZED_AUTOS = YES_AGGRESSIVE;
				GCC_WARN_UNUSED_FUNCTION = YES;
				GCC_WARN_UNUSED_VARIABLE = YES;
				IPHONEOS_DEPLOYMENT_TARGET = 9.2;
				MTL_ENABLE_DEBUG_INFO = NO;
				SDKROOT = iphoneos;
				TARGETED_DEVICE_FAMILY = "1,2";
				VALIDATE_PRODUCT = YES;
			};
			name = Release;
		};
		4CE2A5661C626D2200DCA116 /* Debug */ = {
			isa = XCBuildConfiguration;
			buildSettings = {
				ASSETCATALOG_COMPILER_APPICON_NAME = AppIcon;
				INFOPLIST_FILE = G36L5/Info.plist;
				LD_RUNPATH_SEARCH_PATHS = "$(inherited) @executable_path/Frameworks";
				PRODUCT_BUNDLE_IDENTIFIER = itperspective.G36L5;
				PRODUCT_NAME = "$(TARGET_NAME)";
			};
			name = Debug;
		};
		4CE2A5671C626D2200DCA116 /* Release */ = {
			isa = XCBuildConfiguration;
			buildSettings = {
				ASSETCATALOG_COMPILER_APPICON_NAME = AppIcon;
				INFOPLIST_FILE = G36L5/Info.plist;
				LD_RUNPATH_SEARCH_PATHS = "$(inherited) @executable_path/Frameworks";
				PRODUCT_BUNDLE_IDENTIFIER = itperspective.G36L5;
				PRODUCT_NAME = "$(TARGET_NAME)";
			};
			name = Release;
		};
/* End XCBuildConfiguration section */

/* Begin XCConfigurationList section */
		4CE2A54E1C626D2200DCA116 /* Build configuration list for PBXProject "G36L5" */ = {
			isa = XCConfigurationList;
			buildConfigurations = (
				4CE2A5631C626D2200DCA116 /* Debug */,
				4CE2A5641C626D2200DCA116 /* Release */,
			);
			defaultConfigurationIsVisible = 0;
			defaultConfigurationName = Release;
		};
		4CE2A5651C626D2200DCA116 /* Build configuration list for PBXNativeTarget "G36L5" */ = {
			isa = XCConfigurationList;
			buildConfigurations = (
				4CE2A5661C626D2200DCA116 /* Debug */,
				4CE2A5671C626D2200DCA116 /* Release */,
			);
			defaultConfigurationIsVisible = 0;
		};
/* End XCConfigurationList section */
	};
	rootObject = 4CE2A54B1C626D2200DCA116 /* Project object */;
}
